
Microsoft Visual Studio Solution File, Format Version 12.00
# Visual Studio Version 17
VisualStudioVersion = 17.1.32228.430
MinimumVisualStudioVersion = 10.0.40219.1
Project("{FAE04EC0-301F-11D3-BF4B-00C04F79EFBC}") = "sqlProyecto", "sqlProyecto\sqlProyecto.csproj", "{5CB6BEFB-6D14-473A-8F4D-5BA38E4C96AC}"
EndProject
Global
	GlobalSection(SolutionConfigurationPlatforms) = preSolution
		Debug|Any CPU = Debug|Any CPU
		Release|Any CPU = Release|Any CPU
	EndGlobalSection
	GlobalSection(ProjectConfigurationPlatforms) = postSolution
		{5CB6BEFB-6D14-473A-8F4D-5BA38E4C96AC}.Debug|Any CPU.ActiveCfg = Debug|Any CPU
		{5CB6BEFB-6D14-473A-8F4D-5BA38E4C96AC}.Debug|Any CPU.Build.0 = Debug|Any CPU
		{5CB6BEFB-6D14-473A-8F4D-5BA38E4C96AC}.Release|Any CPU.ActiveCfg = Release|Any CPU
		{5CB6BEFB-6D14-473A-8F4D-5BA38E4C96AC}.Release|Any CPU.Build.0 = Release|Any CPU
	EndGlobalSection
	GlobalSection(SolutionProperties) = preSolution
		HideSolutionNode = FALSE
	EndGlobalSection
	GlobalSection(ExtensibilityGlobals) = postSolution
		SolutionGuid = {1E6A3BE7-DAE3-4811-9E47-58751C0B387B}
	EndGlobalSection
EndGlobal
